
Microsoft Visual Studio Solution File, Format Version 12.00
# Visual Studio 14
VisualStudioVersion = 14.0.25420.1
MinimumVisualStudioVersion = 10.0.40219.1
Project("{FAE04EC0-301F-11D3-BF4B-00C04F79EFBC}") = "Hang.Net.Office", "Hang.Net.Office\Hang.Net.Office.csproj", "{1FFC4069-9C54-4DBB-8581-E561A798E50D}"
EndProject
Project("{FAE04EC0-301F-11D3-BF4B-00C04F79EFBC}") = "Demo", "Demo\Demo.csproj", "{A4749B42-C1E0-40DE-A127-DF9B02BB3F19}"
EndProject
Global
	GlobalSection(SolutionConfigurationPlatforms) = preSolution
		Debug|Any CPU = Debug|Any CPU
		Release|Any CPU = Release|Any CPU
	EndGlobalSection
	GlobalSection(ProjectConfigurationPlatforms) = postSolution
		{1FFC4069-9C54-4DBB-8581-E561A798E50D}.Debug|Any CPU.ActiveCfg = Debug|Any CPU
		{1FFC4069-9C54-4DBB-8581-E561A798E50D}.Debug|Any CPU.Build.0 = Debug|Any CPU
		{1FFC4069-9C54-4DBB-8581-E561A798E50D}.Release|Any CPU.ActiveCfg = Release|Any CPU
		{1FFC4069-9C54-4DBB-8581-E561A798E50D}.Release|Any CPU.Build.0 = Release|Any CPU
		{A4749B42-C1E0-40DE-A127-DF9B02BB3F19}.Debug|Any CPU.ActiveCfg = Debug|Any CPU
		{A4749B42-C1E0-40DE-A127-DF9B02BB3F19}.Debug|Any CPU.Build.0 = Debug|Any CPU
		{A4749B42-C1E0-40DE-A127-DF9B02BB3F19}.Release|Any CPU.ActiveCfg = Release|Any CPU
		{A4749B42-C1E0-40DE-A127-DF9B02BB3F19}.Release|Any CPU.Build.0 = Release|Any CPU
	EndGlobalSection
	GlobalSection(SolutionProperties) = preSolution
		HideSolutionNode = FALSE
	EndGlobalSection
EndGlobal
